
Microsoft Visual Studio Solution File, Format Version 12.00
# Visual Studio Version 17
VisualStudioVersion = 17.0.32112.339
MinimumVisualStudioVersion = 10.0.40219.1
Project("{FAE04EC0-301F-11D3-BF4B-00C04F79EFBC}") = "Exam2", "Exam2\Exam2.csproj", "{779B36EC-DE5A-406E-A2CF-32101C8DDE7E}"
EndProject
Global
	GlobalSection(SolutionConfigurationPlatforms) = preSolution
		Debug|Any CPU = Debug|Any CPU
		Release|Any CPU = Release|Any CPU
	EndGlobalSection
	GlobalSection(ProjectConfigurationPlatforms) = postSolution
		{779B36EC-DE5A-406E-A2CF-32101C8DDE7E}.Debug|Any CPU.ActiveCfg = Debug|Any CPU
		{779B36EC-DE5A-406E-A2CF-32101C8DDE7E}.Debug|Any CPU.Build.0 = Debug|Any CPU
		{779B36EC-DE5A-406E-A2CF-32101C8DDE7E}.Release|Any CPU.ActiveCfg = Release|Any CPU
		{779B36EC-DE5A-406E-A2CF-32101C8DDE7E}.Release|Any CPU.Build.0 = Release|Any CPU
	EndGlobalSection
	GlobalSection(SolutionProperties) = preSolution
		HideSolutionNode = FALSE
	EndGlobalSection
	GlobalSection(ExtensibilityGlobals) = postSolution
		SolutionGuid = {7132B569-C16F-4BD4-80EB-24BC914F24B7}
	EndGlobalSection
EndGlobal
