
Microsoft Visual Studio Solution File, Format Version 12.00
# Visual Studio Version 17
VisualStudioVersion = 17.0.32112.339
MinimumVisualStudioVersion = 10.0.40219.1
Project("{FAE04EC0-301F-11D3-BF4B-00C04F79EFBC}") = "Switch_Case", "Switch_Case\Switch_Case.csproj", "{3DDD707C-0471-44CC-BCA4-C632EFC08736}"
EndProject
Global
	GlobalSection(SolutionConfigurationPlatforms) = preSolution
		Debug|Any CPU = Debug|Any CPU
		Release|Any CPU = Release|Any CPU
	EndGlobalSection
	GlobalSection(ProjectConfigurationPlatforms) = postSolution
		{3DDD707C-0471-44CC-BCA4-C632EFC08736}.Debug|Any CPU.ActiveCfg = Debug|Any CPU
		{3DDD707C-0471-44CC-BCA4-C632EFC08736}.Debug|Any CPU.Build.0 = Debug|Any CPU
		{3DDD707C-0471-44CC-BCA4-C632EFC08736}.Release|Any CPU.ActiveCfg = Release|Any CPU
		{3DDD707C-0471-44CC-BCA4-C632EFC08736}.Release|Any CPU.Build.0 = Release|Any CPU
	EndGlobalSection
	GlobalSection(SolutionProperties) = preSolution
		HideSolutionNode = FALSE
	EndGlobalSection
	GlobalSection(ExtensibilityGlobals) = postSolution
		SolutionGuid = {516BD778-2B6A-4BB3-9DF7-1193C7936ED0}
	EndGlobalSection
EndGlobal
