
Microsoft Visual Studio Solution File, Format Version 12.00
# Visual Studio Version 17
VisualStudioVersion = 17.0.32112.339
MinimumVisualStudioVersion = 10.0.40219.1
Project("{FAE04EC0-301F-11D3-BF4B-00C04F79EFBC}") = "Kurucu_Fonksiyonlar", "Kurucu_Fonksiyonlar\Kurucu_Fonksiyonlar.csproj", "{06E37A44-22AF-4AE6-BB41-8D60E664117F}"
EndProject
Global
	GlobalSection(SolutionConfigurationPlatforms) = preSolution
		Debug|Any CPU = Debug|Any CPU
		Release|Any CPU = Release|Any CPU
	EndGlobalSection
	GlobalSection(ProjectConfigurationPlatforms) = postSolution
		{06E37A44-22AF-4AE6-BB41-8D60E664117F}.Debug|Any CPU.ActiveCfg = Debug|Any CPU
		{06E37A44-22AF-4AE6-BB41-8D60E664117F}.Debug|Any CPU.Build.0 = Debug|Any CPU
		{06E37A44-22AF-4AE6-BB41-8D60E664117F}.Release|Any CPU.ActiveCfg = Release|Any CPU
		{06E37A44-22AF-4AE6-BB41-8D60E664117F}.Release|Any CPU.Build.0 = Release|Any CPU
	EndGlobalSection
	GlobalSection(SolutionProperties) = preSolution
		HideSolutionNode = FALSE
	EndGlobalSection
	GlobalSection(ExtensibilityGlobals) = postSolution
		SolutionGuid = {75FE5B9D-811F-43EC-B39E-AADC4E097CFA}
	EndGlobalSection
EndGlobal
