
Microsoft Visual Studio Solution File, Format Version 12.00
# Visual Studio Version 17
VisualStudioVersion = 17.0.32112.339
MinimumVisualStudioVersion = 10.0.40219.1
Project("{FAE04EC0-301F-11D3-BF4B-00C04F79EFBC}") = "Interfaces", "Interfaces\Interfaces.csproj", "{A2C557FD-E653-4724-9860-EB90F4A55BEA}"
EndProject
Global
	GlobalSection(SolutionConfigurationPlatforms) = preSolution
		Debug|Any CPU = Debug|Any CPU
		Release|Any CPU = Release|Any CPU
	EndGlobalSection
	GlobalSection(ProjectConfigurationPlatforms) = postSolution
		{A2C557FD-E653-4724-9860-EB90F4A55BEA}.Debug|Any CPU.ActiveCfg = Debug|Any CPU
		{A2C557FD-E653-4724-9860-EB90F4A55BEA}.Debug|Any CPU.Build.0 = Debug|Any CPU
		{A2C557FD-E653-4724-9860-EB90F4A55BEA}.Release|Any CPU.ActiveCfg = Release|Any CPU
		{A2C557FD-E653-4724-9860-EB90F4A55BEA}.Release|Any CPU.Build.0 = Release|Any CPU
	EndGlobalSection
	GlobalSection(SolutionProperties) = preSolution
		HideSolutionNode = FALSE
	EndGlobalSection
	GlobalSection(ExtensibilityGlobals) = postSolution
		SolutionGuid = {82BB4C5E-87E0-4783-B463-79E4A7ABD0CB}
	EndGlobalSection
EndGlobal
