
Microsoft Visual Studio Solution File, Format Version 12.00
# Visual Studio Version 17
VisualStudioVersion = 17.0.32112.339
MinimumVisualStudioVersion = 10.0.40219.1
Project("{FAE04EC0-301F-11D3-BF4B-00C04F79EFBC}") = "Try_Catch_Finally", "Try_Catch_Finally\Try_Catch_Finally.csproj", "{B05F42BD-5F8F-49E4-9358-450557ED33C9}"
EndProject
Global
	GlobalSection(SolutionConfigurationPlatforms) = preSolution
		Debug|Any CPU = Debug|Any CPU
		Release|Any CPU = Release|Any CPU
	EndGlobalSection
	GlobalSection(ProjectConfigurationPlatforms) = postSolution
		{B05F42BD-5F8F-49E4-9358-450557ED33C9}.Debug|Any CPU.ActiveCfg = Debug|Any CPU
		{B05F42BD-5F8F-49E4-9358-450557ED33C9}.Debug|Any CPU.Build.0 = Debug|Any CPU
		{B05F42BD-5F8F-49E4-9358-450557ED33C9}.Release|Any CPU.ActiveCfg = Release|Any CPU
		{B05F42BD-5F8F-49E4-9358-450557ED33C9}.Release|Any CPU.Build.0 = Release|Any CPU
	EndGlobalSection
	GlobalSection(SolutionProperties) = preSolution
		HideSolutionNode = FALSE
	EndGlobalSection
	GlobalSection(ExtensibilityGlobals) = postSolution
		SolutionGuid = {233B2E46-292B-4E92-91CC-79BEA9D9977F}
	EndGlobalSection
EndGlobal
