
Microsoft Visual Studio Solution File, Format Version 12.00
# Visual Studio Version 17
VisualStudioVersion = 17.0.32112.339
MinimumVisualStudioVersion = 10.0.40219.1
Project("{FAE04EC0-301F-11D3-BF4B-00C04F79EFBC}") = "Static_Sinif_ve_Uyeler", "Static_Sinif_ve_Uyeler\Static_Sinif_ve_Uyeler.csproj", "{D0E566ED-734A-478A-9DF7-1435C5DEAF68}"
EndProject
Global
	GlobalSection(SolutionConfigurationPlatforms) = preSolution
		Debug|Any CPU = Debug|Any CPU
		Release|Any CPU = Release|Any CPU
	EndGlobalSection
	GlobalSection(ProjectConfigurationPlatforms) = postSolution
		{D0E566ED-734A-478A-9DF7-1435C5DEAF68}.Debug|Any CPU.ActiveCfg = Debug|Any CPU
		{D0E566ED-734A-478A-9DF7-1435C5DEAF68}.Debug|Any CPU.Build.0 = Debug|Any CPU
		{D0E566ED-734A-478A-9DF7-1435C5DEAF68}.Release|Any CPU.ActiveCfg = Release|Any CPU
		{D0E566ED-734A-478A-9DF7-1435C5DEAF68}.Release|Any CPU.Build.0 = Release|Any CPU
	EndGlobalSection
	GlobalSection(SolutionProperties) = preSolution
		HideSolutionNode = FALSE
	EndGlobalSection
	GlobalSection(ExtensibilityGlobals) = postSolution
		SolutionGuid = {3B44051F-352D-4D7B-BD45-A066C9A79ACD}
	EndGlobalSection
EndGlobal
